
Microsoft Visual Studio Solution File, Format Version 12.00
# Visual Studio Version 17
VisualStudioVersion = 17.5.33530.505
MinimumVisualStudioVersion = 10.0.40219.1
Project("{9A19103F-16F7-4668-BE54-9A1E7A4F7556}") = "universityApiBackend", "universityApiBackend\universityApiBackend.csproj", "{1CFD8BB5-2AF3-445B-95D4-92FE31A83C4E}"
EndProject
Project("{FAE04EC0-301F-11D3-BF4B-00C04F79EFBC}") = "LinqSnippets", "LinqSnippets\LinqSnippets.csproj", "{38EE73D3-F103-432E-810A-6520E0CA1EF5}"
EndProject
Global
	GlobalSection(SolutionConfigurationPlatforms) = preSolution
		Debug|Any CPU = Debug|Any CPU
		Release|Any CPU = Release|Any CPU
	EndGlobalSection
	GlobalSection(ProjectConfigurationPlatforms) = postSolution
		{1CFD8BB5-2AF3-445B-95D4-92FE31A83C4E}.Debug|Any CPU.ActiveCfg = Debug|Any CPU
		{1CFD8BB5-2AF3-445B-95D4-92FE31A83C4E}.Debug|Any CPU.Build.0 = Debug|Any CPU
		{1CFD8BB5-2AF3-445B-95D4-92FE31A83C4E}.Release|Any CPU.ActiveCfg = Release|Any CPU
		{1CFD8BB5-2AF3-445B-95D4-92FE31A83C4E}.Release|Any CPU.Build.0 = Release|Any CPU
		{38EE73D3-F103-432E-810A-6520E0CA1EF5}.Debug|Any CPU.ActiveCfg = Debug|Any CPU
		{38EE73D3-F103-432E-810A-6520E0CA1EF5}.Debug|Any CPU.Build.0 = Debug|Any CPU
		{38EE73D3-F103-432E-810A-6520E0CA1EF5}.Release|Any CPU.ActiveCfg = Release|Any CPU
		{38EE73D3-F103-432E-810A-6520E0CA1EF5}.Release|Any CPU.Build.0 = Release|Any CPU
	EndGlobalSection
	GlobalSection(SolutionProperties) = preSolution
		HideSolutionNode = FALSE
	EndGlobalSection
	GlobalSection(ExtensibilityGlobals) = postSolution
		SolutionGuid = {28ABCA4B-EC7B-4294-BF61-442E4A3A0967}
	EndGlobalSection
EndGlobal
